
Microsoft Visual Studio Solution File, Format Version 12.00
# Visual Studio Version 17
VisualStudioVersion = 17.3.32819.101
MinimumVisualStudioVersion = 10.0.40219.1
Project("{FAE04EC0-301F-11D3-BF4B-00C04F79EFBC}") = "NewVKIApp.Presentation.CosoleUI", "NewVKIApp.Presentation.CosoleUI\NewVKIApp.Presentation.CosoleUI.csproj", "{DD92B382-42B7-48A0-9FF8-9537AF438147}"
EndProject
Project("{FAE04EC0-301F-11D3-BF4B-00C04F79EFBC}") = "NewVKIApp.Domain", "VKIApp.Domain\NewVKIApp.Domain.csproj", "{C03B84A1-65AD-4584-A68F-CD1FFBC58CCD}"
EndProject
Project("{FAE04EC0-301F-11D3-BF4B-00C04F79EFBC}") = "NewVKIApp.Data.IO", "NewVKIApp.Data.IO\NewVKIApp.Data.IO.csproj", "{56AA7F5C-8DA5-457A-ABE8-670FA0E00B7D}"
EndProject
Global
	GlobalSection(SolutionConfigurationPlatforms) = preSolution
		Debug|Any CPU = Debug|Any CPU
		Release|Any CPU = Release|Any CPU
	EndGlobalSection
	GlobalSection(ProjectConfigurationPlatforms) = postSolution
		{DD92B382-42B7-48A0-9FF8-9537AF438147}.Debug|Any CPU.ActiveCfg = Debug|Any CPU
		{DD92B382-42B7-48A0-9FF8-9537AF438147}.Debug|Any CPU.Build.0 = Debug|Any CPU
		{DD92B382-42B7-48A0-9FF8-9537AF438147}.Release|Any CPU.ActiveCfg = Release|Any CPU
		{DD92B382-42B7-48A0-9FF8-9537AF438147}.Release|Any CPU.Build.0 = Release|Any CPU
		{C03B84A1-65AD-4584-A68F-CD1FFBC58CCD}.Debug|Any CPU.ActiveCfg = Debug|Any CPU
		{C03B84A1-65AD-4584-A68F-CD1FFBC58CCD}.Debug|Any CPU.Build.0 = Debug|Any CPU
		{C03B84A1-65AD-4584-A68F-CD1FFBC58CCD}.Release|Any CPU.ActiveCfg = Release|Any CPU
		{C03B84A1-65AD-4584-A68F-CD1FFBC58CCD}.Release|Any CPU.Build.0 = Release|Any CPU
		{56AA7F5C-8DA5-457A-ABE8-670FA0E00B7D}.Debug|Any CPU.ActiveCfg = Debug|Any CPU
		{56AA7F5C-8DA5-457A-ABE8-670FA0E00B7D}.Debug|Any CPU.Build.0 = Debug|Any CPU
		{56AA7F5C-8DA5-457A-ABE8-670FA0E00B7D}.Release|Any CPU.ActiveCfg = Release|Any CPU
		{56AA7F5C-8DA5-457A-ABE8-670FA0E00B7D}.Release|Any CPU.Build.0 = Release|Any CPU
	EndGlobalSection
	GlobalSection(SolutionProperties) = preSolution
		HideSolutionNode = FALSE
	EndGlobalSection
	GlobalSection(ExtensibilityGlobals) = postSolution
		SolutionGuid = {AC07C77E-F2E7-4019-ABB3-11A7DB645D79}
	EndGlobalSection
EndGlobal
